dependencies:
  bblanchon/arduinojson:
    component_hash: b1c2f0b0bc26969af19809cee80b220fb882481d59cc75f8e79ebceecdc69f06
    dependencies: []
    source:
      registry_url: https://components.espressif.com
      type: service
    version: 7.4.2
  chmorgan/esp-libhelix-mp3:
    component_hash: cbb76089dc2c5749f7b470e2e70aedc44c9da519e04eb9a67d4c7ec275229e53
    dependencies:
    - name: idf
      registry_url: https://components.espressif.com
      require: private
      version: '>=4.1.0'
    source:
      registry_url: https://components.espressif.com
      type: service
    version: 1.0.3
  esp32async/asynctcp:
    component_hash: 8144c96a27b593d1781e6e060f5e2e509989c28c013ad75d9c3087f6462ecaac
    dependencies: []
    source:
      registry_url: https://components.espressif.com
      type: service
    version: 3.4.91
  esp32async/espasyncwebserver:
    component_hash: 773cd168014e4d5fc65b051f0d1867bcd4bfb09b9585279df69a950849ebae03
    dependencies:
    - name: bblanchon/arduinojson
      registry_url: https://components.espressif.com
      require: private
      version: ^7.4.2
    - name: esp32async/asynctcp
      registry_url: https://components.espressif.com
      require: private
      version: ^3.4.8
    - name: espressif/arduino-esp32
      registry_url: https://components.espressif.com
      require: private
      version: ^3.1.1
    source:
      pre_release: true
      registry_url: https://components.espressif.com/
      type: service
    version: 3.8.1
  espressif/arduino-esp32:
    component_hash: 61db028af7b50fa58e31e28b8601f0bd8382f3dafebde3cb341651aa32f7614c
    dependencies:
    - name: chmorgan/esp-libhelix-mp3
      registry_url: https://components.espressif.com
      require: private
      version: 1.0.3
    - name: espressif/cbor
      registry_url: https://components.espressif.com
      require: private
      rules:
      - if: target not in [esp32c2, esp32p4]
      version: 0.6.0~1
    - name: espressif/esp-dsp
      registry_url: https://components.espressif.com
      require: private
      rules:
      - if: target != esp32c2
      version: ^1.3.4
    - name: espressif/esp-modbus
      registry_url: https://components.espressif.com
      require: private
      version: ^1.0.15
    - name: espressif/esp-sr
      registry_url: https://components.espressif.com
      require: private
      rules:
      - if: target in [esp32s3, esp32p4]
      version: ^2.1.5
    - name: espressif/esp-zboss-lib
      registry_url: https://components.espressif.com
      require: private
      rules:
      - if: target not in [esp32c2, esp32p4]
      version: ==1.6.4
    - name: espressif/esp-zigbee-lib
      registry_url: https://components.espressif.com
      require: private
      rules:
      - if: target not in [esp32c2, esp32p4]
      version: ==1.6.7
    - name: espressif/esp_diag_data_store
      registry_url: https://components.espressif.com
      require: private
      rules:
      - if: target not in [esp32c2, esp32p4]
      version: 1.0.2
    - name: espressif/esp_diagnostics
      registry_url: https://components.espressif.com
      require: private
      rules:
      - if: target not in [esp32c2, esp32p4]
      version: 1.2.1
    - name: espressif/esp_insights
      registry_url: https://components.espressif.com
      require: private
      rules:
      - if: target not in [esp32c2, esp32p4]
      version: 1.2.2
    - name: espressif/esp_modem
      registry_url: https://components.espressif.com
      require: private
      version: ^1.1.0
    - name: espressif/esp_rainmaker
      registry_url: https://components.espressif.com
      require: private
      rules:
      - if: target not in [esp32c2, esp32p4]
      version: 1.5.2
    - name: espressif/libsodium
      registry_url: https://components.espressif.com
      require: private
      version: ^1.0.20~1
    - name: espressif/mdns
      registry_url: https://components.espressif.com
      require: private
      version: ^1.2.3
    - name: espressif/network_provisioning
      registry_url: https://components.espressif.com
      require: private
      rules:
      - if: target != esp32c2
      version: 1.0.2
    - name: espressif/qrcode
      registry_url: https://components.espressif.com
      require: private
      rules:
      - if: target not in [esp32c2, esp32p4]
      version: 0.1.0~2
    - name: espressif/rmaker_common
      registry_url: https://components.espressif.com
      require: private
      rules:
      - if: target not in [esp32c2, esp32p4]
      version: 1.4.6
    - name: idf
      require: private
      version: '>=5.3,<5.6'
    - name: joltwallet/littlefs
      registry_url: https://components.espressif.com
      require: private
      version: ^1.10.2
    source:
      registry_url: https://components.espressif.com
      type: service
    targets:
    - esp32
    - esp32s2
    - esp32s3
    - esp32c2
    - esp32c3
    - esp32c6
    - esp32h2
    - esp32p4
    - esp32c5
    version: 3.3.2
  espressif/cbor:
    component_hash: 440f4ee4504841cc9b4f3a8ef755776a612ac9dace355514c68b999868f990ff
    dependencies:
    - name: idf
      registry_url: https://components.espressif.com
      require: private
      version: '>=4.3'
    source:
      registry_url: https://components.espressif.com
      type: service
    version: 0.6.0~1
  espressif/dl_fft:
    component_hash: 7dadbd644c0d7ba4733cc3726ec4cff6edf27b043725e1115861dec1609a3d28
    dependencies:
    - name: idf
      require: private
      version: '>=5.0'
    source:
      registry_url: https://components.espressif.com
      type: service
    version: 0.3.1
  espressif/esp-dsp:
    component_hash: 619639efc18cfa361a9e423739b9b0ffc14991effc6c027f955c2f2c3bf1754b
    dependencies:
    - name: idf
      require: private
      version: '>=4.2'
    source:
      registry_url: https://components.espressif.com
      type: service
    version: 1.6.0
  espressif/esp-modbus:
    component_hash: ec567c912fbd8b08648ba72b5562df012482584918fb4af670e57025fc30ea42
    dependencies:
    - name: idf
      require: private
      version: '>=4.3'
    source:
      registry_url: https://components.espressif.com
      type: service
    version: 1.0.15
  espressif/esp-serial-flasher:
    component_hash: dcc42a16712a1a636509cf0bf90e14032d7f2141784b533613b267b6aa318d52
    dependencies: []
    source:
      registry_url: https://components.espressif.com
      type: service
    version: 0.0.11
  espressif/esp-sr:
    component_hash: ec3bf2c0d8acaeb1fd6e6046955436a36261a46679cab5a8d356c81b45faf9ce
    dependencies:
    - name: espressif/dl_fft
      registry_url: https://components.espressif.com
      require: private
      version: '>=0.2.0'
    - name: espressif/esp-dsp
      registry_url: https://components.espressif.com
      require: private
      version: 1.6.0
    - name: idf
      require: private
      version: '>=5.0'
    source:
      registry_url: https://components.espressif.com
      type: service
    version: 2.2.0
  espressif/esp-zboss-lib:
    component_hash: 321883d142421f65009972408287441794250057668a11abbdfd8bec77c3309a
    dependencies:
    - name: idf
      require: private
      version: '>=5.0'
    source:
      registry_url: https://components.espressif.com
      type: service
    version: 1.6.4
  espressif/esp-zigbee-lib:
    component_hash: 4b73d7dc7d018114f24712a5af1bb7a53dca95f979fe646461f066f344dd9120
    dependencies:
    - name: idf
      require: private
      version: '>=5.0'
    source:
      registry_url: https://components.espressif.com
      type: service
    version: 1.6.7
  espressif/esp_diag_data_store:
    component_hash: c1e5cf62f545d2b136db299f4df1b228b9840be5bc3410c9ad2d2a882b5c0d64
    dependencies:
    - name: idf
      registry_url: https://components.espressif.com
      require: private
      version: '>=4.1'
    source:
      registry_url: https://components.espressif.com
      type: service
    version: 1.0.2
  espressif/esp_diagnostics:
    component_hash: 5ea8e8da8217ed9ed778db3973139e726e17cd27ef5cf6429c787d19226c79f3
    dependencies:
    - name: idf
      registry_url: https://components.espressif.com
      require: private
      version: '>=4.1'
    - name: espressif/rmaker_common
      registry_url: https://components.espressif.com
      require: private
      version: ~1.4.0
    source:
      registry_url: https://components.espressif.com
      type: service
    version: 1.2.1
  espressif/esp_insights:
    component_hash: 4015c524b9955528f941268cf080174076b195800de910d061efc46113bc2e0c
    dependencies:
    - name: idf
      registry_url: https://components.espressif.com
      require: private
      version: '>=4.1'
    - name: espressif/cbor
      registry_url: https://components.espressif.com
      require: private
      rules:
      - if: idf_version >=5.0
      version: ~0.6
    - name: espressif/esp_diag_data_store
      registry_url: https://components.espressif.com
      require: private
      version: 1.0.2
    - name: espressif/esp_diagnostics
      registry_url: https://components.espressif.com
      require: private
      version: 1.2.1
    - name: espressif/rmaker_common
      registry_url: https://components.espressif.com
      require: private
      version: ~1.4.0
    source:
      registry_url: https://components.espressif.com
      type: service
    version: 1.2.2
  espressif/esp_modem:
    component_hash: dca5a8d8cf80dd88dc91bb22cbea52956950f1e80488996c5b41168d3cdefbb6
    dependencies:
    - name: idf
      require: private
      version: '>=4.1'
    source:
      registry_url: https://components.espressif.com
      type: service
    version: 1.4.1
  espressif/esp_rainmaker:
    component_hash: f6fe458fc7a0102ee2879f0247da4b41419e6c07de12031f66e5e9454d25baaa
    dependencies:
    - name: espressif/esp_rcp_update
      registry_url: https://components.espressif.com
      require: private
      rules:
      - if: idf_version >= 5.1
      version: ~1.2.0
    - name: espressif/esp_schedule
      registry_url: https://components.espressif.com
      require: private
      version: ~1.2.0
    - name: espressif/esp_secure_cert_mgr
      registry_url: https://components.espressif.com
      require: private
      rules:
      - if: idf_version >=4.3
      version: ^2.2.1
    - name: espressif/json_generator
      registry_url: https://components.espressif.com
      require: private
      version: ~1.1.1
    - name: espressif/json_parser
      registry_url: https://components.espressif.com
      require: private
      version: ~1.0.3
    - name: espressif/mdns
      registry_url: https://components.espressif.com
      require: private
      rules:
      - if: idf_version >=5.0
      version: ^1.2.0
    - name: espressif/network_provisioning
      registry_url: https://components.espressif.com
      require: private
      rules:
      - if: idf_version >= 5.1
      version: ~1.0.0
    - name: espressif/rmaker_common
      registry_url: https://components.espressif.com
      require: private
      version: ~1.4.6
    source:
      registry_url: https://components.espressif.com
      type: service
    version: 1.5.2
  espressif/esp_rcp_update:
    component_hash: c10afbd54a17f27eed880e61262b161656e6d36ad63376c307f9273e99d0abcd
    dependencies:
    - name: espressif/esp-serial-flasher
      registry_url: https://components.espressif.com
      require: private
      version: ~0.0.0
    - name: idf
      registry_url: https://components.espressif.com
      require: private
      version: '>=5.0'
    source:
      registry_url: https://components.espressif.com
      type: service
    version: 1.2.0
  espressif/esp_schedule:
    component_hash: e202a9c688f7f1ab601efb91d682e4bcfaebc508dcceee1a1e0a0d2d1ca75a26
    dependencies:
    - name: espressif/rmaker_common
      registry_url: https://components.espressif.com
      require: private
      version: ~1.4.2
    source:
      registry_url: https://components.espressif.com
      type: service
    version: 1.2.0
  espressif/esp_secure_cert_mgr:
    component_hash: a20007d67e65a000670ab77e45d7554c943eb8dcb0abeada0a57dd9adac3a703
    dependencies:
    - name: idf
      require: private
      version: '>=4.3'
    source:
      registry_url: https://components.espressif.com
      type: service
    version: 2.4.1
  espressif/jsmn:
    component_hash: d80350c41bbaa827c98a25b6072df00884e72f54885996fab4a4f0aebce6b6c3
    dependencies:
    - name: idf
      registry_url: https://components.espressif.com
      require: private
      version: '>=4.3'
    source:
      registry_url: https://components.espressif.com
      type: service
    version: 1.1.0
  espressif/json_generator:
    component_hash: 45033e1c199b13f1c8c1b544fb7d4e2df6a8e3071ebdcb1b22582b61a7974ff2
    dependencies: []
    source:
      registry_url: https://components.espressif.com
      type: service
    version: 1.1.2
  espressif/json_parser:
    component_hash: d74b81729ad06ec11ff5eb5b1b0d7df1d00e6027fc11471f4b139c70dcf1b1e4
    dependencies:
    - name: espressif/jsmn
      registry_url: https://components.espressif.com
      require: private
      rules:
      - if: idf_version >=5.0
      version: ~1.1
    source:
      registry_url: https://components.espressif.com
      type: service
    version: 1.0.3
  espressif/libsodium:
    component_hash: 25b968723c584a2742ca36cebe5a7ef049c6767e059f7b1e1eec69946019025d
    dependencies:
    - name: idf
      require: private
      version: '>=4.2'
    source:
      registry_url: https://components.espressif.com
      type: service
    version: 1.0.20~2
  espressif/mdns:
    component_hash: 9ff9c578fc3a5ea3c68e807233e47f2ce6b2492a92d7a9356ae5c29ab45f0fde
    dependencies:
    - name: idf
      require: private
      version: '>=5.0'
    source:
      registry_url: https://components.espressif.com
      type: service
    version: 1.3.0
  espressif/network_provisioning:
    component_hash: ef2e10182fd1861e68b821491916327c25416ca7ae70e5a6e43313dbc71fe993
    dependencies:
    - name: idf
      registry_url: https://components.espressif.com
      require: private
      version: '>=5.1'
    source:
      registry_url: https://components.espressif.com
      type: service
    version: 1.0.2
  espressif/qrcode:
    component_hash: 3b493771bc5d6ad30cbf87c25bf784aada8a08c941504355b55d6b75518ed7bc
    dependencies: []
    source:
      registry_url: https://components.espressif.com
      type: service
    version: 0.1.0~2
  espressif/rmaker_common:
    component_hash: a3a1df881278d0351fc850b77792fe8a196ddd6dcacbea203d606329cc6a0239
    dependencies: []
    source:
      registry_url: https://components.espressif.com
      type: service
    version: 1.4.6
  idf:
    source:
      type: idf
    version: 5.3.1
  joltwallet/littlefs:
    component_hash: 7e9b6a652f846df473870263f7ecc0decdf54e6a04189af0c6a78df9d20bda0c
    dependencies:
    - name: idf
      require: private
      version: '>=4.3'
    source:
      registry_url: https://components.espressif.com
      type: service
    version: 1.14.4
direct_dependencies:
- esp32async/espasyncwebserver
manifest_hash: 5dde2ae4647ecaafeb33bd3e57deb64affab71aafdf9f03238623baa9bd74c5d
target: esp32s3
version: 2.0.0
